
Microsoft Visual Studio Solution File, Format Version 12.00
# Visual Studio Version 17
VisualStudioVersion = 17.0.31903.59
MinimumVisualStudioVersion = 10.0.40219.1
Project("{2150E333-8FDC-42A3-9474-1A3956D46DE8}") = "samples", "samples", "{D1A3F5B0-1234-4567-89AB-CDEF01234567}"
EndProject
Project("{FAE04EC0-301F-11D3-BF4B-00C04F79EFBC}") = "SampleApp", "samples\SampleApp\SampleApp.csproj", "{A1B2C3D4-E5F6-7890-ABCD-EF0123456789}"
EndProject
Project("{2150E333-8FDC-42A3-9474-1A3956D46DE8}") = "src", "src", "{80C48404-5C22-4EA1-AD81-6C21CC741F51}"
EndProject
Project("{FAE04EC0-301F-11D3-BF4B-00C04F79EFBC}") = "WinFormsTestHarness.Inspect", "src\WinFormsTestHarness.Inspect\WinFormsTestHarness.Inspect.csproj", "{6192A3AC-55E4-49F6-9359-44521AE41E90}"
EndProject
Project("{FAE04EC0-301F-11D3-BF4B-00C04F79EFBC}") = "WinFormsTestHarness.Record", "src\WinFormsTestHarness.Record\WinFormsTestHarness.Record.csproj", "{8CB7D046-A8F7-4138-84D1-0FDCF0ACB99E}"
EndProject
Project("{FAE04EC0-301F-11D3-BF4B-00C04F79EFBC}") = "WinFormsTestHarness.Capture", "src\WinFormsTestHarness.Capture\WinFormsTestHarness.Capture.csproj", "{F7880136-F49C-403B-8864-E8505D5069F0}"
EndProject
Project("{FAE04EC0-301F-11D3-BF4B-00C04F79EFBC}") = "WinFormsTestHarness.Correlate", "src\WinFormsTestHarness.Correlate\WinFormsTestHarness.Correlate.csproj", "{7968A7A0-E876-435A-A6D9-D266243054C9}"
EndProject
Project("{FAE04EC0-301F-11D3-BF4B-00C04F79EFBC}") = "WinFormsTestHarness.Core", "src\WinFormsTestHarness.Core\WinFormsTestHarness.Core.csproj", "{2864488F-5FBA-4305-8207-A1942BDBF387}"
EndProject
Project("{FAE04EC0-301F-11D3-BF4B-00C04F79EFBC}") = "WinFormsTestHarness.Logger", "src\WinFormsTestHarness.Logger\WinFormsTestHarness.Logger.csproj", "{2F4D7044-584D-4453-954E-2664031BACDE}"
EndProject
Project("{2150E333-8FDC-42A3-9474-1A3956D46DE8}") = "tests", "tests", "{AB4F0347-FC28-47CD-B3E9-255806B3F3B1}"
EndProject
Project("{FAE04EC0-301F-11D3-BF4B-00C04F79EFBC}") = "WinFormsTestHarness.Tests", "tests\WinFormsTestHarness.Tests\WinFormsTestHarness.Tests.csproj", "{265E8ACC-DBF6-4332-8D8A-EE8C4A91E046}"
EndProject
Global
	GlobalSection(SolutionConfigurationPlatforms) = preSolution
		Debug|Any CPU = Debug|Any CPU
		E2ETest|Any CPU = E2ETest|Any CPU
		Release|Any CPU = Release|Any CPU
	EndGlobalSection
	GlobalSection(SolutionProperties) = preSolution
		HideSolutionNode = FALSE
	EndGlobalSection
	GlobalSection(ProjectConfigurationPlatforms) = postSolution
		{A1B2C3D4-E5F6-7890-ABCD-EF0123456789}.Debug|Any CPU.ActiveCfg = Debug|Any CPU
		{A1B2C3D4-E5F6-7890-ABCD-EF0123456789}.Debug|Any CPU.Build.0 = Debug|Any CPU
		{A1B2C3D4-E5F6-7890-ABCD-EF0123456789}.E2ETest|Any CPU.ActiveCfg = E2ETest|Any CPU
		{A1B2C3D4-E5F6-7890-ABCD-EF0123456789}.E2ETest|Any CPU.Build.0 = E2ETest|Any CPU
		{A1B2C3D4-E5F6-7890-ABCD-EF0123456789}.Release|Any CPU.ActiveCfg = Release|Any CPU
		{A1B2C3D4-E5F6-7890-ABCD-EF0123456789}.Release|Any CPU.Build.0 = Release|Any CPU
		{6192A3AC-55E4-49F6-9359-44521AE41E90}.Debug|Any CPU.ActiveCfg = Debug|Any CPU
		{6192A3AC-55E4-49F6-9359-44521AE41E90}.Debug|Any CPU.Build.0 = Debug|Any CPU
		{6192A3AC-55E4-49F6-9359-44521AE41E90}.E2ETest|Any CPU.ActiveCfg = E2ETest|Any CPU
		{6192A3AC-55E4-49F6-9359-44521AE41E90}.E2ETest|Any CPU.Build.0 = E2ETest|Any CPU
		{6192A3AC-55E4-49F6-9359-44521AE41E90}.Release|Any CPU.ActiveCfg = Release|Any CPU
		{6192A3AC-55E4-49F6-9359-44521AE41E90}.Release|Any CPU.Build.0 = Release|Any CPU
		{8CB7D046-A8F7-4138-84D1-0FDCF0ACB99E}.Debug|Any CPU.ActiveCfg = Debug|Any CPU
		{8CB7D046-A8F7-4138-84D1-0FDCF0ACB99E}.Debug|Any CPU.Build.0 = Debug|Any CPU
		{8CB7D046-A8F7-4138-84D1-0FDCF0ACB99E}.E2ETest|Any CPU.ActiveCfg = E2ETest|Any CPU
		{8CB7D046-A8F7-4138-84D1-0FDCF0ACB99E}.E2ETest|Any CPU.Build.0 = E2ETest|Any CPU
		{8CB7D046-A8F7-4138-84D1-0FDCF0ACB99E}.Release|Any CPU.ActiveCfg = Release|Any CPU
		{8CB7D046-A8F7-4138-84D1-0FDCF0ACB99E}.Release|Any CPU.Build.0 = Release|Any CPU
		{F7880136-F49C-403B-8864-E8505D5069F0}.Debug|Any CPU.ActiveCfg = Debug|Any CPU
		{F7880136-F49C-403B-8864-E8505D5069F0}.Debug|Any CPU.Build.0 = Debug|Any CPU
		{F7880136-F49C-403B-8864-E8505D5069F0}.E2ETest|Any CPU.ActiveCfg = E2ETest|Any CPU
		{F7880136-F49C-403B-8864-E8505D5069F0}.E2ETest|Any CPU.Build.0 = E2ETest|Any CPU
		{F7880136-F49C-403B-8864-E8505D5069F0}.Release|Any CPU.ActiveCfg = Release|Any CPU
		{F7880136-F49C-403B-8864-E8505D5069F0}.Release|Any CPU.Build.0 = Release|Any CPU
		{7968A7A0-E876-435A-A6D9-D266243054C9}.Debug|Any CPU.ActiveCfg = Debug|Any CPU
		{7968A7A0-E876-435A-A6D9-D266243054C9}.Debug|Any CPU.Build.0 = Debug|Any CPU
		{7968A7A0-E876-435A-A6D9-D266243054C9}.E2ETest|Any CPU.ActiveCfg = E2ETest|Any CPU
		{7968A7A0-E876-435A-A6D9-D266243054C9}.E2ETest|Any CPU.Build.0 = E2ETest|Any CPU
		{7968A7A0-E876-435A-A6D9-D266243054C9}.Release|Any CPU.ActiveCfg = Release|Any CPU
		{7968A7A0-E876-435A-A6D9-D266243054C9}.Release|Any CPU.Build.0 = Release|Any CPU
		{2864488F-5FBA-4305-8207-A1942BDBF387}.Debug|Any CPU.ActiveCfg = Debug|Any CPU
		{2864488F-5FBA-4305-8207-A1942BDBF387}.Debug|Any CPU.Build.0 = Debug|Any CPU
		{2864488F-5FBA-4305-8207-A1942BDBF387}.E2ETest|Any CPU.ActiveCfg = E2ETest|Any CPU
		{2864488F-5FBA-4305-8207-A1942BDBF387}.E2ETest|Any CPU.Build.0 = E2ETest|Any CPU
		{2864488F-5FBA-4305-8207-A1942BDBF387}.Release|Any CPU.ActiveCfg = Release|Any CPU
		{2864488F-5FBA-4305-8207-A1942BDBF387}.Release|Any CPU.Build.0 = Release|Any CPU
		{2F4D7044-584D-4453-954E-2664031BACDE}.Debug|Any CPU.ActiveCfg = Debug|Any CPU
		{2F4D7044-584D-4453-954E-2664031BACDE}.Debug|Any CPU.Build.0 = Debug|Any CPU
		{2F4D7044-584D-4453-954E-2664031BACDE}.E2ETest|Any CPU.ActiveCfg = E2ETest|Any CPU
		{2F4D7044-584D-4453-954E-2664031BACDE}.E2ETest|Any CPU.Build.0 = E2ETest|Any CPU
		{2F4D7044-584D-4453-954E-2664031BACDE}.Release|Any CPU.ActiveCfg = Release|Any CPU
		{2F4D7044-584D-4453-954E-2664031BACDE}.Release|Any CPU.Build.0 = Release|Any CPU
		{265E8ACC-DBF6-4332-8D8A-EE8C4A91E046}.Debug|Any CPU.ActiveCfg = Debug|Any CPU
		{265E8ACC-DBF6-4332-8D8A-EE8C4A91E046}.Debug|Any CPU.Build.0 = Debug|Any CPU
		{265E8ACC-DBF6-4332-8D8A-EE8C4A91E046}.E2ETest|Any CPU.ActiveCfg = E2ETest|Any CPU
		{265E8ACC-DBF6-4332-8D8A-EE8C4A91E046}.E2ETest|Any CPU.Build.0 = E2ETest|Any CPU
		{265E8ACC-DBF6-4332-8D8A-EE8C4A91E046}.Release|Any CPU.ActiveCfg = Release|Any CPU
		{265E8ACC-DBF6-4332-8D8A-EE8C4A91E046}.Release|Any CPU.Build.0 = Release|Any CPU
	EndGlobalSection
	GlobalSection(NestedProjects) = preSolution
		{6192A3AC-55E4-49F6-9359-44521AE41E90} = {80C48404-5C22-4EA1-AD81-6C21CC741F51}
		{8CB7D046-A8F7-4138-84D1-0FDCF0ACB99E} = {80C48404-5C22-4EA1-AD81-6C21CC741F51}
		{F7880136-F49C-403B-8864-E8505D5069F0} = {80C48404-5C22-4EA1-AD81-6C21CC741F51}
		{7968A7A0-E876-435A-A6D9-D266243054C9} = {80C48404-5C22-4EA1-AD81-6C21CC741F51}
		{2864488F-5FBA-4305-8207-A1942BDBF387} = {80C48404-5C22-4EA1-AD81-6C21CC741F51}
		{2F4D7044-584D-4453-954E-2664031BACDE} = {80C48404-5C22-4EA1-AD81-6C21CC741F51}
		{A1B2C3D4-E5F6-7890-ABCD-EF0123456789} = {D1A3F5B0-1234-4567-89AB-CDEF01234567}
		{265E8ACC-DBF6-4332-8D8A-EE8C4A91E046} = {AB4F0347-FC28-47CD-B3E9-255806B3F3B1}
	EndGlobalSection
EndGlobal
